{
  "name": "ts",
  "version": "1.0.0",
  "lockfileVersion": 1,
  "requires": true,
  "dependencies": {
    "@types/lodash": {
      "version": "4.14.144",
      "resolved": "https://registry.npmjs.org/@types/lodash/-/lodash-4.14.144.tgz",
      "integrity": "sha512-ogI4g9W5qIQQUhXAclq6zhqgqNUr7UlFaqDHbch7WLSLeeM/7d3CRaw7GLajxvyFvhJqw4Rpcz5bhoaYtIx6Tg==",
      "dev": true
    },
    "lodash": {
      "version": "4.14.2",
      "resolved": "https://registry.npmjs.org/lodash/-/lodash-4.14.2.tgz",
      "integrity": "sha1-u8zOY3OkAPv9CoxnykL20e9BZDI="
    }
  }
}
